
Microsoft Visual Studio Solution File, Format Version 12.00
# Visual Studio 15
VisualStudioVersion = 15.0.28307.106
MinimumVisualStudioVersion = 10.0.40219.1
Project("{FAE04EC0-301F-11D3-BF4B-00C04F79EFBC}") = "Form1", "Form1\Form1.csproj", "{AEF904F1-31F0-4D41-9E38-A9FDD435477D}"
EndProject
Project("{FAE04EC0-301F-11D3-BF4B-00C04F79EFBC}") = "Kutuphane.Lib", "Kutuphane.Lib\Kutuphane.Lib.csproj", "{94FFD522-CBF5-4C9F-B590-C4FD5D264278}"
EndProject
Global
	GlobalSection(SolutionConfigurationPlatforms) = preSolution
		Debug|Any CPU = Debug|Any CPU
		Release|Any CPU = Release|Any CPU
	EndGlobalSection
	GlobalSection(ProjectConfigurationPlatforms) = postSolution
		{AEF904F1-31F0-4D41-9E38-A9FDD435477D}.Debug|Any CPU.ActiveCfg = Debug|Any CPU
		{AEF904F1-31F0-4D41-9E38-A9FDD435477D}.Debug|Any CPU.Build.0 = Debug|Any CPU
		{AEF904F1-31F0-4D41-9E38-A9FDD435477D}.Release|Any CPU.ActiveCfg = Release|Any CPU
		{AEF904F1-31F0-4D41-9E38-A9FDD435477D}.Release|Any CPU.Build.0 = Release|Any CPU
		{94FFD522-CBF5-4C9F-B590-C4FD5D264278}.Debug|Any CPU.ActiveCfg = Debug|Any CPU
		{94FFD522-CBF5-4C9F-B590-C4FD5D264278}.Debug|Any CPU.Build.0 = Debug|Any CPU
		{94FFD522-CBF5-4C9F-B590-C4FD5D264278}.Release|Any CPU.ActiveCfg = Release|Any CPU
		{94FFD522-CBF5-4C9F-B590-C4FD5D264278}.Release|Any CPU.Build.0 = Release|Any CPU
	EndGlobalSection
	GlobalSection(SolutionProperties) = preSolution
		HideSolutionNode = FALSE
	EndGlobalSection
	GlobalSection(ExtensibilityGlobals) = postSolution
		SolutionGuid = {BF61244E-0B1B-4AF3-8AAD-9BC943AA6434}
	EndGlobalSection
EndGlobal
